// !$*UTF8*$!
{
	archiveVersion = 1;
	classes = {
	};
	objectVersion = 55;
	objects = {

/* Begin PBXBuildFile section */
		AB060FED2801CEC5003BA628 /* AppDelegate.swift in Sources */ = {isa = PBXBuildFile; fileRef = AB060FEC2801CEC5003BA628 /* AppDelegate.swift */; };
		AB060FEF2801CEC5003BA628 /* SceneDelegate.swift in Sources */ = {isa = PBXBuildFile; fileRef = AB060FEE2801CEC5003BA628 /* SceneDelegate.swift */; };
		AB060FF12801CEC5003BA628 /* MainView.swift in Sources */ = {isa = PBXBuildFile; fileRef = AB060FF02801CEC5003BA628 /* MainView.swift */; };
		AB060FF42801CEC5003BA628 /* Main.storyboard in Resources */ = {isa = PBXBuildFile; fileRef = AB060FF22801CEC5003BA628 /* Main.storyboard */; };
		AB060FF62801CEC6003BA628 /* Assets.xcassets in Resources */ = {isa = PBXBuildFile; fileRef = AB060FF52801CEC6003BA628 /* Assets.xcassets */; };
		AB060FF92801CEC6003BA628 /* LaunchScreen.storyboard in Resources */ = {isa = PBXBuildFile; fileRef = AB060FF72801CEC6003BA628 /* LaunchScreen.storyboard */; };
		AB0610072801D58D003BA628 /* Model.swift in Sources */ = {isa = PBXBuildFile; fileRef = AB0610062801D58D003BA628 /* Model.swift */; };
		AB0610092801D5A2003BA628 /* NetworkData.swift in Sources */ = {isa = PBXBuildFile; fileRef = AB0610082801D5A2003BA628 /* NetworkData.swift */; };
		ABBA9BB92802D38B000AFA9E /* MainViewCell.swift in Sources */ = {isa = PBXBuildFile; fileRef = ABBA9BB82802D38B000AFA9E /* MainViewCell.swift */; };
		ABBA9BBB2802DD25000AFA9E /* TableView.swift in Sources */ = {isa = PBXBuildFile; fileRef = ABBA9BBA2802DD25000AFA9E /* TableView.swift */; };
		ABBA9BBD2802DD4E000AFA9E /* TableViewCell.swift in Sources */ = {isa = PBXBuildFile; fileRef = ABBA9BBC2802DD4E000AFA9E /* TableViewCell.swift */; };
		ABBA9BBF2802E8C8000AFA9E /* Data.swift in Sources */ = {isa = PBXBuildFile; fileRef = ABBA9BBE2802E8C8000AFA9E /* Data.swift */; };
/* End PBXBuildFile section */

/* Begin PBXFileReference section */
		AB060FE92801CEC5003BA628 /* NetworkCalalog.app */ = {isa = PBXFileReference; explicitFileType = wrapper.application; includeInIndex = 0; path = NetworkCalalog.app; sourceTree = BUILT_PRODUCTS_DIR; };
		AB060FEC2801CEC5003BA628 /* AppDelegate.swift */ = {isa = PBXFileReference; lastKnownFileType = sourcecode.swift; path = AppDelegate.swift; sourceTree = "<group>"; };
		AB060FEE2801CEC5003BA628 /* SceneDelegate.swift */ = {isa = PBXFileReference; lastKnownFileType = sourcecode.swift; path = SceneDelegate.swift; sourceTree = "<group>"; };
		AB060FF02801CEC5003BA628 /* MainView.swift */ = {isa = PBXFileReference; lastKnownFileType = sourcecode.swift; path = MainView.swift; sourceTree = "<group>"; };
		AB060FF32801CEC5003BA628 /* Base */ = {isa = PBXFileReference; lastKnownFileType = file.storyboard; name = Base; path = Base.lproj/Main.storyboard; sourceTree = "<group>"; };
		AB060FF52801CEC6003BA628 /* Assets.xcassets */ = {isa = PBXFileReference; lastKnownFileType = folder.assetcatalog; path = Assets.xcassets; sourceTree = "<group>"; };
		AB060FF82801CEC6003BA628 /* Base */ = {isa = PBXFileReference; lastKnownFileType = file.storyboard; name = Base; path = Base.lproj/LaunchScreen.storyboard; sourceTree = "<group>"; };
		AB060FFA2801CEC6003BA628 /* Info.plist */ = {isa = PBXFileReference; lastKnownFileType = text.plist.xml; path = Info.plist; sourceTree = "<group>"; };
		AB0610062801D58D003BA628 /* Model.swift */ = {isa = PBXFileReference; lastKnownFileType = sourcecode.swift; path = Model.swift; sourceTree = "<group>"; };
		AB0610082801D5A2003BA628 /* NetworkData.swift */ = {isa = PBXFileReference; lastKnownFileType = sourcecode.swift; path = NetworkData.swift; sourceTree = "<group>"; };
		ABBA9BB82802D38B000AFA9E /* MainViewCell.swift */ = {isa = PBXFileReference; lastKnownFileType = sourcecode.swift; path = MainViewCell.swift; sourceTree = "<group>"; };
		ABBA9BBA2802DD25000AFA9E /* TableView.swift */ = {isa = PBXFileReference; lastKnownFileType = sourcecode.swift; path = TableView.swift; sourceTree = "<group>"; };
		ABBA9BBC2802DD4E000AFA9E /* TableViewCell.swift */ = {isa = PBXFileReference; lastKnownFileType = sourcecode.swift; path = TableViewCell.swift; sourceTree = "<group>"; };
		ABBA9BBE2802E8C8000AFA9E /* Data.swift */ = {isa = PBXFileReference; lastKnownFileType = sourcecode.swift; path = Data.swift; sourceTree = "<group>"; };
/* End PBXFileReference section */

/* Begin PBXFrameworksBuildPhase section */
		AB060FE62801CEC5003BA628 /* Frameworks */ = {
			isa = PBXFrameworksBuildPhase;
			buildActionMask = 2147483647;
			files = (
			);
			runOnlyForDeploymentPostprocessing = 0;
		};
/* End PBXFrameworksBuildPhase section */

/* Begin PBXGroup section */
		AB060FE02801CEC5003BA628 = {
			isa = PBXGroup;
			children = (
				AB060FEB2801CEC5003BA628 /* NetworkCalalog */,
				AB060FEA2801CEC5003BA628 /* Products */,
			);
			sourceTree = "<group>";
		};
		AB060FEA2801CEC5003BA628 /* Products */ = {
			isa = PBXGroup;
			children = (
				AB060FE92801CEC5003BA628 /* NetworkCalalog.app */,
			);
			name = Products;
			sourceTree = "<group>";
		};
		AB060FEB2801CEC5003BA628 /* NetworkCalalog */ = {
			isa = PBXGroup;
			children = (
				AB0610042801D55A003BA628 /* DataManager */,
				AB0610052801D56D003BA628 /* Model */,
				AB0610012801D223003BA628 /* ViewControllers */,
				AB0610022801D4A9003BA628 /* Storyboards */,
				AB0610032801D4B9003BA628 /* Resources */,
				AB0610002801D201003BA628 /* App */,
			);
			path = NetworkCalalog;
			sourceTree = "<group>";
		};
		AB0610002801D201003BA628 /* App */ = {
			isa = PBXGroup;
			children = (
				AB060FEC2801CEC5003BA628 /* AppDelegate.swift */,
				AB060FEE2801CEC5003BA628 /* SceneDelegate.swift */,
				AB060FFA2801CEC6003BA628 /* Info.plist */,
			);
			path = App;
			sourceTree = "<group>";
		};
		AB0610012801D223003BA628 /* ViewControllers */ = {
			isa = PBXGroup;
			children = (
				AB060FF02801CEC5003BA628 /* MainView.swift */,
				ABBA9BB82802D38B000AFA9E /* MainViewCell.swift */,
				ABBA9BBA2802DD25000AFA9E /* TableView.swift */,
				ABBA9BBC2802DD4E000AFA9E /* TableViewCell.swift */,
			);
			path = ViewControllers;
			sourceTree = "<group>";
		};
		AB0610022801D4A9003BA628 /* Storyboards */ = {
			isa = PBXGroup;
			children = (
				AB060FF22801CEC5003BA628 /* Main.storyboard */,
				AB060FF72801CEC6003BA628 /* LaunchScreen.storyboard */,
			);
			path = Storyboards;
			sourceTree = "<group>";
		};
		AB0610032801D4B9003BA628 /* Resources */ = {
			isa = PBXGroup;
			children = (
				AB060FF52801CEC6003BA628 /* Assets.xcassets */,
			);
			path = Resources;
			sourceTree = "<group>";
		};
		AB0610042801D55A003BA628 /* DataManager */ = {
			isa = PBXGroup;
			children = (
				AB0610082801D5A2003BA628 /* NetworkData.swift */,
				ABBA9BBE2802E8C8000AFA9E /* Data.swift */,
			);
			path = DataManager;
			sourceTree = "<group>";
		};
		AB0610052801D56D003BA628 /* Model */ = {
			isa = PBXGroup;
			children = (
				AB0610062801D58D003BA628 /* Model.swift */,
			);
			path = Model;
			sourceTree = "<group>";
		};
/* End PBXGroup section */

/* Begin PBXNativeTarget section */
		AB060FE82801CEC5003BA628 /* NetworkCalalog */ = {
			isa = PBXNativeTarget;
			buildConfigurationList = AB060FFD2801CEC6003BA628 /* Build configuration list for PBXNativeTarget "NetworkCalalog" */;
			buildPhases = (
				AB060FE52801CEC5003BA628 /* Sources */,
				AB060FE62801CEC5003BA628 /* Frameworks */,
				AB060FE72801CEC5003BA628 /* Resources */,
			);
			buildRules = (
			);
			dependencies = (
			);
			name = NetworkCalalog;
			productName = NetworkCalalog;
			productReference = AB060FE92801CEC5003BA628 /* NetworkCalalog.app */;
			productType = "com.apple.product-type.application";
		};
/* End PBXNativeTarget section */

/* Begin PBXProject section */
		AB060FE12801CEC5003BA628 /* Project object */ = {
			isa = PBXProject;
			attributes = {
				BuildIndependentTargetsInParallel = 1;
				LastSwiftUpdateCheck = 1330;
				LastUpgradeCheck = 1330;
				TargetAttributes = {
					AB060FE82801CEC5003BA628 = {
						CreatedOnToolsVersion = 13.3;
					};
				};
			};
			buildConfigurationList = AB060FE42801CEC5003BA628 /* Build configuration list for PBXProject "NetworkCalalog" */;
			compatibilityVersion = "Xcode 13.0";
			developmentRegion = en;
			hasScannedForEncodings = 0;
			knownRegions = (
				en,
				Base,
			);
			mainGroup = AB060FE02801CEC5003BA628;
			productRefGroup = AB060FEA2801CEC5003BA628 /* Products */;
			projectDirPath = "";
			projectRoot = "";
			targets = (
				AB060FE82801CEC5003BA628 /* NetworkCalalog */,
			);
		};
/* End PBXProject section */

/* Begin PBXResourcesBuildPhase section */
		AB060FE72801CEC5003BA628 /* Resources */ = {
			isa = PBXResourcesBuildPhase;
			buildActionMask = 2147483647;
			files = (
				AB060FF92801CEC6003BA628 /* LaunchScreen.storyboard in Resources */,
				AB060FF62801CEC6003BA628 /* Assets.xcassets in Resources */,
				AB060FF42801CEC5003BA628 /* Main.storyboard in Resources */,
			);
			runOnlyForDeploymentPostprocessing = 0;
		};
/* End PBXResourcesBuildPhase section */

/* Begin PBXSourcesBuildPhase section */
		AB060FE52801CEC5003BA628 /* Sources */ = {
			isa = PBXSourcesBuildPhase;
			buildActionMask = 2147483647;
			files = (
				AB060FF12801CEC5003BA628 /* MainView.swift in Sources */,
				ABBA9BBD2802DD4E000AFA9E /* TableViewCell.swift in Sources */,
				ABBA9BB92802D38B000AFA9E /* MainViewCell.swift in Sources */,
				AB060FED2801CEC5003BA628 /* AppDelegate.swift in Sources */,
				ABBA9BBB2802DD25000AFA9E /* TableView.swift in Sources */,
				AB060FEF2801CEC5003BA628 /* SceneDelegate.swift in Sources */,
				AB0610092801D5A2003BA628 /* NetworkData.swift in Sources */,
				ABBA9BBF2802E8C8000AFA9E /* Data.swift in Sources */,
				AB0610072801D58D003BA628 /* Model.swift in Sources */,
			);
			runOnlyForDeploymentPostprocessing = 0;
		};
/* End PBXSourcesBuildPhase section */

/* Begin PBXVariantGroup section */
		AB060FF22801CEC5003BA628 /* Main.storyboard */ = {
			isa = PBXVariantGroup;
			children = (
				AB060FF32801CEC5003BA628 /* Base */,
			);
			name = Main.storyboard;
			sourceTree = "<group>";
		};
		AB060FF72801CEC6003BA628 /* LaunchScreen.storyboard */ = {
			isa = PBXVariantGroup;
			children = (
				AB060FF82801CEC6003BA628 /* Base */,
			);
			name = LaunchScreen.storyboard;
			sourceTree = "<group>";
		};
/* End PBXVariantGroup section */

/* Begin XCBuildConfiguration section */
		AB060FFB2801CEC6003BA628 /* Debug */ = {
			isa = XCBuildConfiguration;
			buildSettings = {
				ALWAYS_SEARCH_USER_PATHS = NO;
				CLANG_ANALYZER_NONNULL = YES;
				CLANG_ANALYZER_NUMBER_OBJECT_CONVERSION = YES_AGGRESSIVE;
				CLANG_CXX_LANGUAGE_STANDARD = "gnu++17";
				CLANG_ENABLE_MODULES = YES;
				CLANG_ENABLE_OBJC_ARC = YES;
				CLANG_ENABLE_OBJC_WEAK = YES;
				CLANG_WARN_BLOCK_CAPTURE_AUTORELEASING = YES;
				CLANG_WARN_BOOL_CONVERSION = YES;
				CLANG_WARN_COMMA = YES;
				CLANG_WARN_CONSTANT_CONVERSION = YES;
				CLANG_WARN_DEPRECATED_OBJC_IMPLEMENTATIONS = YES;
				CLANG_WARN_DIRECT_OBJC_ISA_USAGE = YES_ERROR;
				CLANG_WARN_DOCUMENTATION_COMMENTS = YES;
				CLANG_WARN_EMPTY_BODY = YES;
				CLANG_WARN_ENUM_CONVERSION = YES;
				CLANG_WARN_INFINITE_RECURSION = YES;
				CLANG_WARN_INT_CONVERSION = YES;
				CLANG_WARN_NON_LITERAL_NULL_CONVERSION = YES;
				CLANG_WARN_OBJC_IMPLICIT_RETAIN_SELF = YES;
				CLANG_WARN_OBJC_LITERAL_CONVERSION = YES;
				CLANG_WARN_OBJC_ROOT_CLASS = YES_ERROR;
				CLANG_WARN_QUOTED_INCLUDE_IN_FRAMEWORK_HEADER = YES;
				CLANG_WARN_RANGE_LOOP_ANALYSIS = YES;
				CLANG_WARN_STRICT_PROTOTYPES = YES;
				CLANG_WARN_SUSPICIOUS_MOVE = YES;
				CLANG_WARN_UNGUARDED_AVAILABILITY = YES_AGGRESSIVE;
				CLANG_WARN_UNREACHABLE_CODE = YES;
				CLANG_WARN__DUPLICATE_METHOD_MATCH = YES;
				COPY_PHASE_STRIP = NO;
				DEBUG_INFORMATION_FORMAT = dwarf;
				ENABLE_STRICT_OBJC_MSGSEND = YES;
				ENABLE_TESTABILITY = YES;
				GCC_C_LANGUAGE_STANDARD = gnu11;
				GCC_DYNAMIC_NO_PIC = NO;
				GCC_NO_COMMON_BLOCKS = YES;
				GCC_OPTIMIZATION_LEVEL = 0;
				GCC_PREPROCESSOR_DEFINITIONS = (
					"DEBUG=1",
					"$(inherited)",
				);
				GCC_WARN_64_TO_32_BIT_CONVERSION = YES;
				GCC_WARN_ABOUT_RETURN_TYPE = YES_ERROR;
				GCC_WARN_UNDECLARED_SELECTOR = YES;
				GCC_WARN_UNINITIALIZED_AUTOS = YES_AGGRESSIVE;
				GCC_WARN_UNUSED_FUNCTION = YES;
				GCC_WARN_UNUSED_VARIABLE = YES;
				IPHONEOS_DEPLOYMENT_TARGET = 15.4;
				MTL_ENABLE_DEBUG_INFO = INCLUDE_SOURCE;
				MTL_FAST_MATH = YES;
				ONLY_ACTIVE_ARCH = YES;
				SDKROOT = iphoneos;
				SWIFT_ACTIVE_COMPILATION_CONDITIONS = DEBUG;
				SWIFT_OPTIMIZATION_LEVEL = "-Onone";
			};
			name = Debug;
		};
		AB060FFC2801CEC6003BA628 /* Release */ = {
			isa = XCBuildConfiguration;
			buildSettings = {
				ALWAYS_SEARCH_USER_PATHS = NO;
				CLANG_ANALYZER_NONNULL = YES;
				CLANG_ANALYZER_NUMBER_OBJECT_CONVERSION = YES_AGGRESSIVE;
				CLANG_CXX_LANGUAGE_STANDARD = "gnu++17";
				CLANG_ENABLE_MODULES = YES;
				CLANG_ENABLE_OBJC_ARC = YES;
				CLANG_ENABLE_OBJC_WEAK = YES;
				CLANG_WARN_BLOCK_CAPTURE_AUTORELEASING = YES;
				CLANG_WARN_BOOL_CONVERSION = YES;
				CLANG_WARN_COMMA = YES;
				CLANG_WARN_CONSTANT_CONVERSION = YES;
				CLANG_WARN_DEPRECATED_OBJC_IMPLEMENTATIONS = YES;
				CLANG_WARN_DIRECT_OBJC_ISA_USAGE = YES_ERROR;
				CLANG_WARN_DOCUMENTATION_COMMENTS = YES;
				CLANG_WARN_EMPTY_BODY = YES;
				CLANG_WARN_ENUM_CONVERSION = YES;
				CLANG_WARN_INFINITE_RECURSION = YES;
				CLANG_WARN_INT_CONVERSION = YES;
				CLANG_WARN_NON_LITERAL_NULL_CONVERSION = YES;
				CLANG_WARN_OBJC_IMPLICIT_RETAIN_SELF = YES;
				CLANG_WARN_OBJC_LITERAL_CONVERSION = YES;
				CLANG_WARN_OBJC_ROOT_CLASS = YES_ERROR;
				CLANG_WARN_QUOTED_INCLUDE_IN_FRAMEWORK_HEADER = YES;
				CLANG_WARN_RANGE_LOOP_ANALYSIS = YES;
				CLANG_WARN_STRICT_PROTOTYPES = YES;
				CLANG_WARN_SUSPICIOUS_MOVE = YES;
				CLANG_WARN_UNGUARDED_AVAILABILITY = YES_AGGRESSIVE;
				CLANG_WARN_UNREACHABLE_CODE = YES;
				CLANG_WARN__DUPLICATE_METHOD_MATCH = YES;
				COPY_PHASE_STRIP = NO;
				DEBUG_INFORMATION_FORMAT = "dwarf-with-dsym";
				ENABLE_NS_ASSERTIONS = NO;
				ENABLE_STRICT_OBJC_MSGSEND = YES;
				GCC_C_LANGUAGE_STANDARD = gnu11;
				GCC_NO_COMMON_BLOCKS = YES;
				GCC_WARN_64_TO_32_BIT_CONVERSION = YES;
				GCC_WARN_ABOUT_RETURN_TYPE = YES_ERROR;
				GCC_WARN_UNDECLARED_SELECTOR = YES;
				GCC_WARN_UNINITIALIZED_AUTOS = YES_AGGRESSIVE;
				GCC_WARN_UNUSED_FUNCTION = YES;
				GCC_WARN_UNUSED_VARIABLE = YES;
				IPHONEOS_DEPLOYMENT_TARGET = 15.4;
				MTL_ENABLE_DEBUG_INFO = NO;
				MTL_FAST_MATH = YES;
				SDKROOT = iphoneos;
				SWIFT_COMPILATION_MODE = wholemodule;
				SWIFT_OPTIMIZATION_LEVEL = "-O";
				VALIDATE_PRODUCT = YES;
			};
			name = Release;
		};
		AB060FFE2801CEC6003BA628 /* Debug */ = {
			isa = XCBuildConfiguration;
			buildSettings = {
				ASSETCATALOG_COMPILER_APPICON_NAME = AppIcon;
				ASSETCATALOG_COMPILER_GLOBAL_ACCENT_COLOR_NAME = AccentColor;
				CODE_SIGN_STYLE = Automatic;
				CURRENT_PROJECT_VERSION = 1;
				DEVELOPMENT_TEAM = VBYD7798S4;
				GENERATE_INFOPLIST_FILE = YES;
				INFOPLIST_FILE = NetworkCalalog/App/Info.plist;
				INFOPLIST_KEY_UIApplicationSupportsIndirectInputEvents = YES;
				INFOPLIST_KEY_UILaunchStoryboardName = LaunchScreen;
				INFOPLIST_KEY_UIMainStoryboardFile = Main;
				INFOPLIST_KEY_UISupportedInterfaceOrientations_iPad = "UIInterfaceOrientationPortrait UIInterfaceOrientationPortraitUpsideDown UIInterfaceOrientationLandscapeLeft UIInterfaceOrientationLandscapeRight";
				INFOPLIST_KEY_UISupportedInterfaceOrientations_iPhone = "UIInterfaceOrientationPortrait UIInterfaceOrientationLandscapeLeft UIInterfaceOrientationLandscapeRight";
				LD_RUNPATH_SEARCH_PATHS = (
					"$(inherited)",
					"@executable_path/Frameworks",
				);
				MARKETING_VERSION = 1.0;
				PRODUCT_BUNDLE_IDENTIFIER = "-mindGroup.NetworkCalalog";
				PRODUCT_NAME = "$(TARGET_NAME)";
				SWIFT_EMIT_LOC_STRINGS = YES;
				SWIFT_VERSION = 5.0;
				TARGETED_DEVICE_FAMILY = "1,2";
			};
			name = Debug;
		};
		AB060FFF2801CEC6003BA628 /* Release */ = {
			isa = XCBuildConfiguration;
			buildSettings = {
				ASSETCATALOG_COMPILER_APPICON_NAME = AppIcon;
				ASSETCATALOG_COMPILER_GLOBAL_ACCENT_COLOR_NAME = AccentColor;
				CODE_SIGN_STYLE = Automatic;
				CURRENT_PROJECT_VERSION = 1;
				DEVELOPMENT_TEAM = VBYD7798S4;
				GENERATE_INFOPLIST_FILE = YES;
				INFOPLIST_FILE = NetworkCalalog/App/Info.plist;
				INFOPLIST_KEY_UIApplicationSupportsIndirectInputEvents = YES;
				INFOPLIST_KEY_UILaunchStoryboardName = LaunchScreen;
				INFOPLIST_KEY_UIMainStoryboardFile = Main;
				INFOPLIST_KEY_UISupportedInterfaceOrientations_iPad = "UIInterfaceOrientationPortrait UIInterfaceOrientationPortraitUpsideDown UIInterfaceOrientationLandscapeLeft UIInterfaceOrientationLandscapeRight";
				INFOPLIST_KEY_UISupportedInterfaceOrientations_iPhone = "UIInterfaceOrientationPortrait UIInterfaceOrientationLandscapeLeft UIInterfaceOrientationLandscapeRight";
				LD_RUNPATH_SEARCH_PATHS = (
					"$(inherited)",
					"@executable_path/Frameworks",
				);
				MARKETING_VERSION = 1.0;
				PRODUCT_BUNDLE_IDENTIFIER = "-mindGroup.NetworkCalalog";
				PRODUCT_NAME = "$(TARGET_NAME)";
				SWIFT_EMIT_LOC_STRINGS = YES;
				SWIFT_VERSION = 5.0;
				TARGETED_DEVICE_FAMILY = "1,2";
			};
			name = Release;
		};
/* End XCBuildConfiguration section */

/* Begin XCConfigurationList section */
		AB060FE42801CEC5003BA628 /* Build configuration list for PBXProject "NetworkCalalog" */ = {
			isa = XCConfigurationList;
			buildConfigurations = (
				AB060FFB2801CEC6003BA628 /* Debug */,
				AB060FFC2801CEC6003BA628 /* Release */,
			);
			defaultConfigurationIsVisible = 0;
			defaultConfigurationName = Release;
		};
		AB060FFD2801CEC6003BA628 /* Build configuration list for PBXNativeTarget "NetworkCalalog" */ = {
			isa = XCConfigurationList;
			buildConfigurations = (
				AB060FFE2801CEC6003BA628 /* Debug */,
				AB060FFF2801CEC6003BA628 /* Release */,
			);
			defaultConfigurationIsVisible = 0;
			defaultConfigurationName = Release;
		};
/* End XCConfigurationList section */
	};
	rootObject = AB060FE12801CEC5003BA628 /* Project object */;
}
